cookbook 'razor', :git => 'git@github.blueboxgrid.com:fnichol/chef-razor.git', :ref => 'v0.2.2'
cookbook 'dhcp', :git => 'git://github.com/fnichol/dhcp-cookbook.git', :ref => 'craigtracey-with-upstart'
cookbook 'router', :path => './cookbooks-internal/router'
cookbook 'build-essential', :locked_version => '1.2.0'
cookbook 'git', :locked_version => '1.0.2'
cookbook 'dmg', :locked_version => '1.0.0'
cookbook 'runit', :locked_version => '0.15.0'
cookbook 'yum', :locked_version => '1.0.0'
cookbook 'tftp', :locked_version => '1.0.0'
cookbook 'mongodb', :locked_version => '0.11.0'
cookbook 'apt', :locked_version => '1.5.0'
cookbook 'nodejs', :locked_version => '1.0.1'
